// !$*UTF8*$!
{
	archiveVersion = 1;
	classes = {
	};
	objectVersion = 46;
	objects = {

/* Begin PBXBuildFile section */
		3F050F531C783DD9009778C8 /* Curry.framework in Frameworks */ = {isa = PBXBuildFile; fileRef = 3F050F311C783DCB009778C8 /* Curry.framework */; };
		3F050F541C783DD9009778C8 /* Curry.framework in Embed Frameworks */ = {isa = PBXBuildFile; fileRef = 3F050F311C783DCB009778C8 /* Curry.framework */; settings = {ATTRIBUTES = (CodeSignOnCopy, RemoveHeadersOnCopy, ); }; };
		3F050F581C7848CE009778C8 /* StuffJSONSerializationSpec.swift in Sources */ = {isa = PBXBuildFile; fileRef = 3F050F571C7848CE009778C8 /* StuffJSONSerializationSpec.swift */; };
		3F3DBD541C75C792007B2A96 /* AppDelegate.swift in Sources */ = {isa = PBXBuildFile; fileRef = 3F3DBD531C75C792007B2A96 /* AppDelegate.swift */; };
		3F3DBD561C75C792007B2A96 /* ViewController.swift in Sources */ = {isa = PBXBuildFile; fileRef = 3F3DBD551C75C792007B2A96 /* ViewController.swift */; };
		3F3DBD591C75C792007B2A96 /* Main.storyboard in Resources */ = {isa = PBXBuildFile; fileRef = 3F3DBD571C75C792007B2A96 /* Main.storyboard */; };
		3F3DBD5B1C75C792007B2A96 /* Assets.xcassets in Resources */ = {isa = PBXBuildFile; fileRef = 3F3DBD5A1C75C792007B2A96 /* Assets.xcassets */; };
		3F3DBD5E1C75C792007B2A96 /* LaunchScreen.storyboard in Resources */ = {isa = PBXBuildFile; fileRef = 3F3DBD5C1C75C792007B2A96 /* LaunchScreen.storyboard */; };
		3F3DBD741C75C792007B2A96 /* FunctionalCoreReactiveShellUITests.swift in Sources */ = {isa = PBXBuildFile; fileRef = 3F3DBD731C75C792007B2A96 /* FunctionalCoreReactiveShellUITests.swift */; };
		3F5EB1481C7836AF00770934 /* Stuff.swift in Sources */ = {isa = PBXBuildFile; fileRef = 3F5EB1471C7836AF00770934 /* Stuff.swift */; };
		3F5EB1AD1C783B2400770934 /* Argo.framework in Frameworks */ = {isa = PBXBuildFile; fileRef = 3F5EB1551C783A9100770934 /* Argo.framework */; };
		3F5EB1AE1C783B2400770934 /* Argo.framework in Embed Frameworks */ = {isa = PBXBuildFile; fileRef = 3F5EB1551C783A9100770934 /* Argo.framework */; settings = {ATTRIBUTES = (CodeSignOnCopy, RemoveHeadersOnCopy, ); }; };
		3F5EB1B21C783B3200770934 /* ReactiveCocoa.framework in Frameworks */ = {isa = PBXBuildFile; fileRef = 3F5EB1701C783AA400770934 /* ReactiveCocoa.framework */; };
		3F5EB1B31C783B3200770934 /* ReactiveCocoa.framework in Embed Frameworks */ = {isa = PBXBuildFile; fileRef = 3F5EB1701C783AA400770934 /* ReactiveCocoa.framework */; settings = {ATTRIBUTES = (CodeSignOnCopy, RemoveHeadersOnCopy, ); }; };
		3F5EB1B61C783B4000770934 /* Result.framework in Frameworks */ = {isa = PBXBuildFile; fileRef = 3F5EB1A21C783AC800770934 /* Result.framework */; };
		3F5EB1B71C783B4000770934 /* Result.framework in Embed Frameworks */ = {isa = PBXBuildFile; fileRef = 3F5EB1A21C783AC800770934 /* Result.framework */; settings = {ATTRIBUTES = (CodeSignOnCopy, RemoveHeadersOnCopy, ); }; };
		3F5EB20F1C783C3200770934 /* Quick.framework in Frameworks */ = {isa = PBXBuildFile; fileRef = 3F5EB1EB1C783BA600770934 /* Quick.framework */; };
		3F5EB2101C783C3800770934 /* Nimble.framework in Frameworks */ = {isa = PBXBuildFile; fileRef = 3F5EB2001C783BB400770934 /* Nimble.framework */; };
		3F8F9A141C785B020061FBCD /* DatabaseService.swift in Sources */ = {isa = PBXBuildFile; fileRef = 3F8F9A131C785B020061FBCD /* DatabaseService.swift */; };
		3F8F9A161C785C820061FBCD /* DomainError.swift in Sources */ = {isa = PBXBuildFile; fileRef = 3F8F9A151C785C820061FBCD /* DomainError.swift */; };
		3F8F9A181C78641B0061FBCD /* NetworkService.swift in Sources */ = {isa = PBXBuildFile; fileRef = 3F8F9A171C78641B0061FBCD /* NetworkService.swift */; };
/* End PBXBuildFile section */

/* Begin PBXContainerItemProxy section */
		3F050F301C783DCB009778C8 /* PBXContainerItemProxy */ = {
			isa = PBXContainerItemProxy;
			containerPortal = 3F050F231C783DCA009778C8 /* Curry.xcodeproj */;
			proxyType = 2;
			remoteGlobalIDString = F88630561B4EF96200F53969;
			remoteInfo = "Curry-iOS";
		};
		3F050F321C783DCB009778C8 /* PBXContainerItemProxy */ = {
			isa = PBXContainerItemProxy;
			containerPortal = 3F050F231C783DCA009778C8 /* Curry.xcodeproj */;
			proxyType = 2;
			remoteGlobalIDString = F886307D1B4EF9F800F53969;
			remoteInfo = "Curry-Mac";
		};
		3F050F341C783DCB009778C8 /* PBXContainerItemProxy */ = {
			isa = PBXContainerItemProxy;
			containerPortal = 3F050F231C783DCA009778C8 /* Curry.xcodeproj */;
			proxyType = 2;
			remoteGlobalIDString = 804D01F31BA3684C0005BBC4;
			remoteInfo = "Curry-watchOS";
		};
		3F050F361C783DCB009778C8 /* PBXContainerItemProxy */ = {
			isa = PBXContainerItemProxy;
			containerPortal = 3F050F231C783DCA009778C8 /* Curry.xcodeproj */;
			proxyType = 2;
			remoteGlobalIDString = 80E059071BA9FA7F0077CBA7;
			remoteInfo = "Curry-tvOS";
		};
		3F050F551C783DD9009778C8 /* PBXContainerItemProxy */ = {
			isa = PBXContainerItemProxy;
			containerPortal = 3F050F231C783DCA009778C8 /* Curry.xcodeproj */;
			proxyType = 1;
			remoteGlobalIDString = F88630551B4EF96200F53969;
			remoteInfo = "Curry-iOS";
		};
		3F3DBD651C75C792007B2A96 /* PBXContainerItemProxy */ = {
			isa = PBXContainerItemProxy;
			containerPortal = 3F3DBD481C75C791007B2A96 /* Project object */;
			proxyType = 1;
			remoteGlobalIDString = 3F3DBD4F1C75C792007B2A96;
			remoteInfo = FunctionalCoreReactiveShell;
		};
		3F3DBD701C75C792007B2A96 /* PBXContainerItemProxy */ = {
			isa = PBXContainerItemProxy;
			containerPortal = 3F3DBD481C75C791007B2A96 /* Project object */;
			proxyType = 1;
			remoteGlobalIDString = 3F3DBD4F1C75C792007B2A96;
			remoteInfo = FunctionalCoreReactiveShell;
		};
		3F5EB1541C783A9100770934 /* PBXContainerItemProxy */ = {
			isa = PBXContainerItemProxy;
			containerPortal = 3F5EB14A1C783A9100770934 /* Argo.xcodeproj */;
			proxyType = 2;
			remoteGlobalIDString = EAD9FACF19D0EAB50031E006;
			remoteInfo = "Argo-iOS";
		};
		3F5EB1561C783A9100770934 /* PBXContainerItemProxy */ = {
			isa = PBXContainerItemProxy;
			containerPortal = 3F5EB14A1C783A9100770934 /* Argo.xcodeproj */;
			proxyType = 2;
			remoteGlobalIDString = EAD9FADA19D0EAB60031E006;
			remoteInfo = ArgoTests;
		};
		3F5EB1581C783A9100770934 /* PBXContainerItemProxy */ = {
			isa = PBXContainerItemProxy;
			containerPortal = 3F5EB14A1C783A9100770934 /* Argo.xcodeproj */;
			proxyType = 2;
			remoteGlobalIDString = F89335541A4CE83000B88685;
			remoteInfo = "Argo-Mac";
		};
		3F5EB15A1C783A9100770934 /* PBXContainerItemProxy */ = {
			isa = PBXContainerItemProxy;
			containerPortal = 3F5EB14A1C783A9100770934 /* Argo.xcodeproj */;
			proxyType = 2;
			remoteGlobalIDString = F893355E1A4CE83000B88685;
			remoteInfo = "Argo-MacTests";
		};
		3F5EB15C1C783A9100770934 /* PBXContainerItemProxy */ = {
			isa = PBXContainerItemProxy;
			containerPortal = 3F5EB14A1C783A9100770934 /* Argo.xcodeproj */;
			proxyType = 2;
			remoteGlobalIDString = D0592EB61B77DD7800EFEF39;
			remoteInfo = "Argo-watchOS";
		};
		3F5EB15E1C783A9100770934 /* PBXContainerItemProxy */ = {
			isa = PBXContainerItemProxy;
			containerPortal = 3F5EB14A1C783A9100770934 /* Argo.xcodeproj */;
			proxyType = 2;
			remoteGlobalIDString = 809754C11BADF34100C409E6;
			remoteInfo = "Argo-tvOS";
		};
		3F5EB1601C783A9100770934 /* PBXContainerItemProxy */ = {
			isa = PBXContainerItemProxy;
			containerPortal = 3F5EB14A1C783A9100770934 /* Argo.xcodeproj */;
			proxyType = 2;
			remoteGlobalIDString = 809754CA1BADF34200C409E6;
			remoteInfo = "Argo-tvOSTests";
		};
		3F5EB16B1C783AA400770934 /* PBXContainerItemProxy */ = {
			isa = PBXContainerItemProxy;
			containerPortal = 3F5EB1621C783AA400770934 /* ReactiveCocoa.xcodeproj */;
			proxyType = 2;
			remoteGlobalIDString = D04725EA19E49ED7006002AA;
			remoteInfo = "ReactiveCocoa-Mac";
		};
		3F5EB16D1C783AA400770934 /* PBXContainerItemProxy */ = {
			isa = PBXContainerItemProxy;
			containerPortal = 3F5EB1621C783AA400770934 /* ReactiveCocoa.xcodeproj */;
			proxyType = 2;
			remoteGlobalIDString = D04725F519E49ED7006002AA;
			remoteInfo = "ReactiveCocoa-MacTests";
		};
		3F5EB16F1C783AA400770934 /* PBXContainerItemProxy */ = {
			isa = PBXContainerItemProxy;
			containerPortal = 3F5EB1621C783AA400770934 /* ReactiveCocoa.xcodeproj */;
			proxyType = 2;
			remoteGlobalIDString = D047260C19E49F82006002AA;
			remoteInfo = "ReactiveCocoa-iOS";
		};
		3F5EB1711C783AA400770934 /* PBXContainerItemProxy */ = {
			isa = PBXContainerItemProxy;
			containerPortal = 3F5EB1621C783AA400770934 /* ReactiveCocoa.xcodeproj */;
			proxyType = 2;
			remoteGlobalIDString = D047261619E49F82006002AA;
			remoteInfo = "ReactiveCocoa-iOSTests";
		};
		3F5EB1731C783AA400770934 /* PBXContainerItemProxy */ = {
			isa = PBXContainerItemProxy;
			containerPortal = 3F5EB1621C783AA400770934 /* ReactiveCocoa.xcodeproj */;
			proxyType = 2;
			remoteGlobalIDString = A9B315541B3940610001CB9C;
			remoteInfo = "ReactiveCocoa-watchOS";
		};
		3F5EB1751C783AA400770934 /* PBXContainerItemProxy */ = {
			isa = PBXContainerItemProxy;
			containerPortal = 3F5EB1621C783AA400770934 /* ReactiveCocoa.xcodeproj */;
			proxyType = 2;
			remoteGlobalIDString = 57A4D2411BA13D7A00F7D4B1;
			remoteInfo = "ReactiveCocoa-tvOS";
		};
		3F5EB19D1C783AC800770934 /* PBXContainerItemProxy */ = {
			isa = PBXContainerItemProxy;
			containerPortal = 3F5EB1921C783AC800770934 /* Result.xcodeproj */;
			proxyType = 2;
			remoteGlobalIDString = D45480571A9572F5009D7229;
			remoteInfo = "Result-Mac";
		};
		3F5EB19F1C783AC800770934 /* PBXContainerItemProxy */ = {
			isa = PBXContainerItemProxy;
			containerPortal = 3F5EB1921C783AC800770934 /* Result.xcodeproj */;
			proxyType = 2;
			remoteGlobalIDString = D45480671A9572F5009D7229;
			remoteInfo = "Result-MacTests";
		};
		3F5EB1A11C783AC800770934 /* PBXContainerItemProxy */ = {
			isa = PBXContainerItemProxy;
			containerPortal = 3F5EB1921C783AC800770934 /* Result.xcodeproj */;
			proxyType = 2;
			remoteGlobalIDString = D454807D1A957361009D7229;
			remoteInfo = "Result-iOS";
		};
		3F5EB1A31C783AC800770934 /* PBXContainerItemProxy */ = {
			isa = PBXContainerItemProxy;
			containerPortal = 3F5EB1921C783AC800770934 /* Result.xcodeproj */;
			proxyType = 2;
			remoteGlobalIDString = D45480871A957362009D7229;
			remoteInfo = "Result-iOSTests";
		};
		3F5EB1A51C783AC800770934 /* PBXContainerItemProxy */ = {
			isa = PBXContainerItemProxy;
			containerPortal = 3F5EB1921C783AC800770934 /* Result.xcodeproj */;
			proxyType = 2;
			remoteGlobalIDString = 57FCDE471BA280DC00130C48;
			remoteInfo = "Result-tvOS";
		};
		3F5EB1A71C783AC800770934 /* PBXContainerItemProxy */ = {
			isa = PBXContainerItemProxy;
			containerPortal = 3F5EB1921C783AC800770934 /* Result.xcodeproj */;
			proxyType = 2;
			remoteGlobalIDString = 57FCDE541BA280E000130C48;
			remoteInfo = "Result-tvOSTests";
		};
		3F5EB1A91C783AC800770934 /* PBXContainerItemProxy */ = {
			isa = PBXContainerItemProxy;
			containerPortal = 3F5EB1921C783AC800770934 /* Result.xcodeproj */;
			proxyType = 2;
			remoteGlobalIDString = D03579A31B2B788F005D26AE;
			remoteInfo = "Result-watchOS";
		};
		3F5EB1AB1C783AC800770934 /* PBXContainerItemProxy */ = {
			isa = PBXContainerItemProxy;
			containerPortal = 3F5EB1921C783AC800770934 /* Result.xcodeproj */;
			proxyType = 2;
			remoteGlobalIDString = D03579B01B2B78A1005D26AE;
			remoteInfo = "Result-watchOSTests";
		};
		3F5EB1AF1C783B2400770934 /* PBXContainerItemProxy */ = {
			isa = PBXContainerItemProxy;
			containerPortal = 3F5EB14A1C783A9100770934 /* Argo.xcodeproj */;
			proxyType = 1;
			remoteGlobalIDString = EAD9FACE19D0EAB50031E006;
			remoteInfo = "Argo-iOS";
		};
		3F5EB1B41C783B3200770934 /* PBXContainerItemProxy */ = {
			isa = PBXContainerItemProxy;
			containerPortal = 3F5EB1621C783AA400770934 /* ReactiveCocoa.xcodeproj */;
			proxyType = 1;
			remoteGlobalIDString = D047260B19E49F82006002AA;
			remoteInfo = "ReactiveCocoa-iOS";
		};
		3F5EB1B81C783B4000770934 /* PBXContainerItemProxy */ = {
			isa = PBXContainerItemProxy;
			containerPortal = 3F5EB1921C783AC800770934 /* Result.xcodeproj */;
			proxyType = 1;
			remoteGlobalIDString = D454807C1A957361009D7229;
			remoteInfo = "Result-iOS";
		};
		3F5EB1E41C783BA600770934 /* PBXContainerItemProxy */ = {
			isa = PBXContainerItemProxy;
			containerPortal = 3F5EB1BA1C783B9400770934 /* Quick.xcodeproj */;
			proxyType = 2;
			remoteGlobalIDString = DAEB6B8E1943873100289F44;
			remoteInfo = "Quick-OSX";
		};
		3F5EB1E61C783BA600770934 /* PBXContainerItemProxy */ = {
			isa = PBXContainerItemProxy;
			containerPortal = 3F5EB1BA1C783B9400770934 /* Quick.xcodeproj */;
			proxyType = 2;
			remoteGlobalIDString = DAEB6B991943873100289F44;
			remoteInfo = "Quick-OSXTests";
		};
		3F5EB1E81C783BA600770934 /* PBXContainerItemProxy */ = {
			isa = PBXContainerItemProxy;
			containerPortal = 3F5EB1BA1C783B9400770934 /* Quick.xcodeproj */;
			proxyType = 2;
			remoteGlobalIDString = DA5663E81A4C8D8500193C88;
			remoteInfo = "QuickFocused-OSXTests";
		};
		3F5EB1EA1C783BA600770934 /* PBXContainerItemProxy */ = {
			isa = PBXContainerItemProxy;
			containerPortal = 3F5EB1BA1C783B9400770934 /* Quick.xcodeproj */;
			proxyType = 2;
			remoteGlobalIDString = 5A5D117C19473F2100F6D13D;
			remoteInfo = "Quick-iOS";
		};
		3F5EB1EC1C783BA600770934 /* PBXContainerItemProxy */ = {
			isa = PBXContainerItemProxy;
			containerPortal = 3F5EB1BA1C783B9400770934 /* Quick.xcodeproj */;
			proxyType = 2;
			remoteGlobalIDString = 5A5D118619473F2100F6D13D;
			remoteInfo = "Quick-iOSTests";
		};
		3F5EB1EE1C783BA600770934 /* PBXContainerItemProxy */ = {
			isa = PBXContainerItemProxy;
			containerPortal = 3F5EB1BA1C783B9400770934 /* Quick.xcodeproj */;
			proxyType = 2;
			remoteGlobalIDString = DA9876B21A4C70EB0004AA17;
			remoteInfo = "QuickFocused-iOSTests";
		};
		3F5EB1F01C783BA600770934 /* PBXContainerItemProxy */ = {
			isa = PBXContainerItemProxy;
			containerPortal = 3F5EB1BA1C783B9400770934 /* Quick.xcodeproj */;
			proxyType = 2;
			remoteGlobalIDString = 1F118CD51BDCA4AB005013A2;
			remoteInfo = "Quick-tvOS";
		};
		3F5EB1F21C783BA600770934 /* PBXContainerItemProxy */ = {
			isa = PBXContainerItemProxy;
			containerPortal = 3F5EB1BA1C783B9400770934 /* Quick.xcodeproj */;
			proxyType = 2;
			remoteGlobalIDString = 1F118CDE1BDCA4AB005013A2;
			remoteInfo = "Quick-tvOSTests";
		};
		3F5EB1F41C783BA600770934 /* PBXContainerItemProxy */ = {
			isa = PBXContainerItemProxy;
			containerPortal = 3F5EB1BA1C783B9400770934 /* Quick.xcodeproj */;
			proxyType = 2;
			remoteGlobalIDString = 1F118CF01BDCA4BB005013A2;
			remoteInfo = "QuickFocused-tvOSTests";
		};
		3F5EB1FF1C783BB400770934 /* PBXContainerItemProxy */ = {
			isa = PBXContainerItemProxy;
			containerPortal = 3F5EB1F61C783BB400770934 /* Nimble.xcodeproj */;
			proxyType = 2;
			remoteGlobalIDString = 1F1A74291940169200FFFC47;
			remoteInfo = "Nimble-iOS";
		};
		3F5EB2011C783BB400770934 /* PBXContainerItemProxy */ = {
			isa = PBXContainerItemProxy;
			containerPortal = 3F5EB1F61C783BB400770934 /* Nimble.xcodeproj */;
			proxyType = 2;
			remoteGlobalIDString = 1F1A74341940169200FFFC47;
			remoteInfo = "Nimble-iOSTests";
		};
		3F5EB2031C783BB400770934 /* PBXContainerItemProxy */ = {
			isa = PBXContainerItemProxy;
			containerPortal = 3F5EB1F61C783BB400770934 /* Nimble.xcodeproj */;
			proxyType = 2;
			remoteGlobalIDString = 1F925EAD195C0D6300ED456B;
			remoteInfo = "Nimble-OSX";
		};
		3F5EB2051C783BB400770934 /* PBXContainerItemProxy */ = {
			isa = PBXContainerItemProxy;
			containerPortal = 3F5EB1F61C783BB400770934 /* Nimble.xcodeproj */;
			proxyType = 2;
			remoteGlobalIDString = 1F925EB7195C0D6300ED456B;
			remoteInfo = "Nimble-OSXTests";
		};
		3F5EB2071C783BB400770934 /* PBXContainerItemProxy */ = {
			isa = PBXContainerItemProxy;
			containerPortal = 3F5EB1F61C783BB400770934 /* Nimble.xcodeproj */;
			proxyType = 2;
			remoteGlobalIDString = 1F5DF1551BDCA0CE00C3A531;
			remoteInfo = "Nimble-tvOS";
		};
		3F5EB2091C783BB400770934 /* PBXContainerItemProxy */ = {
			isa = PBXContainerItemProxy;
			containerPortal = 3F5EB1F61C783BB400770934 /* Nimble.xcodeproj */;
			proxyType = 2;
			remoteGlobalIDString = 1F5DF15E1BDCA0CE00C3A531;
			remoteInfo = "Nimble-tvOSTests";
		};
/* End PBXContainerItemProxy section */

/* Begin PBXCopyFilesBuildPhase section */
		3F5EB1B11C783B2500770934 /* Embed Frameworks */ = {
			isa = PBXCopyFilesBuildPhase;
			buildActionMask = 2147483647;
			dstPath = "";
			dstSubfolderSpec = 10;
			files = (
				3F050F541C783DD9009778C8 /* Curry.framework in Embed Frameworks */,
				3F5EB1B71C783B4000770934 /* Result.framework in Embed Frameworks */,
				3F5EB1AE1C783B2400770934 /* Argo.framework in Embed Frameworks */,
				3F5EB1B31C783B3200770934 /* ReactiveCocoa.framework in Embed Frameworks */,
			);
			name = "Embed Frameworks";
			runOnlyForDeploymentPostprocessing = 0;
		};
/* End PBXCopyFilesBuildPhase section */

/* Begin PBXFileReference section */
		3F050F231C783DCA009778C8 /* Curry.xcodeproj */ = {isa = PBXFileReference; lastKnownFileType = "wrapper.pb-project"; name = Curry.xcodeproj; path = Carthage/Checkouts/Argo/Carthage/Checkouts/Curry/Curry.xcodeproj; sourceTree = "<group>"; };
		3F050F571C7848CE009778C8 /* StuffJSONSerializationSpec.swift */ = {isa = PBXFileReference; fileEncoding = 4; lastKnownFileType = sourcecode.swift; path = StuffJSONSerializationSpec.swift; sourceTree = "<group>"; };
		3F3DBD501C75C792007B2A96 /* FunctionalCoreReactiveShell.app */ = {isa = PBXFileReference; explicitFileType = wrapper.application; includeInIndex = 0; path = FunctionalCoreReactiveShell.app; sourceTree = BUILT_PRODUCTS_DIR; };
		3F3DBD531C75C792007B2A96 /* AppDelegate.swift */ = {isa = PBXFileReference; lastKnownFileType = sourcecode.swift; path = AppDelegate.swift; sourceTree = "<group>"; };
		3F3DBD551C75C792007B2A96 /* ViewController.swift */ = {isa = PBXFileReference; lastKnownFileType = sourcecode.swift; path = ViewController.swift; sourceTree = "<group>"; };
		3F3DBD581C75C792007B2A96 /* Base */ = {isa = PBXFileReference; lastKnownFileType = file.storyboard; name = Base; path = Base.lproj/Main.storyboard; sourceTree = "<group>"; };
		3F3DBD5A1C75C792007B2A96 /* Assets.xcassets */ = {isa = PBXFileReference; lastKnownFileType = folder.assetcatalog; path = Assets.xcassets; sourceTree = "<group>"; };
		3F3DBD5D1C75C792007B2A96 /* Base */ = {isa = PBXFileReference; lastKnownFileType = file.storyboard; name = Base; path = Base.lproj/LaunchScreen.storyboard; sourceTree = "<group>"; };
		3F3DBD5F1C75C792007B2A96 /* Info.plist */ = {isa = PBXFileReference; lastKnownFileType = text.plist.xml; path = Info.plist; sourceTree = "<group>"; };
		3F3DBD641C75C792007B2A96 /* FunctionalCoreReactiveShellTests.xctest */ = {isa = PBXFileReference; explicitFileType = wrapper.cfbundle; includeInIndex = 0; path = FunctionalCoreReactiveShellTests.xctest; sourceTree = BUILT_PRODUCTS_DIR; };
		3F3DBD6A1C75C792007B2A96 /* Info.plist */ = {isa = PBXFileReference; lastKnownFileType = text.plist.xml; path = Info.plist; sourceTree = "<group>"; };
		3F3DBD6F1C75C792007B2A96 /* FunctionalCoreReactiveShellUITests.xctest */ = {isa = PBXFileReference; explicitFileType = wrapper.cfbundle; includeInIndex = 0; path = FunctionalCoreReactiveShellUITests.xctest; sourceTree = BUILT_PRODUCTS_DIR; };
		3F3DBD731C75C792007B2A96 /* FunctionalCoreReactiveShellUITests.swift */ = {isa = PBXFileReference; lastKnownFileType = sourcecode.swift; path = FunctionalCoreReactiveShellUITests.swift; sourceTree = "<group>"; };
		3F3DBD751C75C792007B2A96 /* Info.plist */ = {isa = PBXFileReference; lastKnownFileType = text.plist.xml; path = Info.plist; sourceTree = "<group>"; };
		3F5EB1471C7836AF00770934 /* Stuff.swift */ = {isa = PBXFileReference; fileEncoding = 4; lastKnownFileType = sourcecode.swift; path = Stuff.swift; sourceTree = "<group>"; };
		3F5EB14A1C783A9100770934 /* Argo.xcodeproj */ = {isa = PBXFileReference; lastKnownFileType = "wrapper.pb-project"; name = Argo.xcodeproj; path = Carthage/Checkouts/Argo/Argo.xcodeproj; sourceTree = "<group>"; };
		3F5EB1621C783AA400770934 /* ReactiveCocoa.xcodeproj */ = {isa = PBXFileReference; lastKnownFileType = "wrapper.pb-project"; name = ReactiveCocoa.xcodeproj; path = Carthage/Checkouts/ReactiveCocoa/ReactiveCocoa.xcodeproj; sourceTree = "<group>"; };
		3F5EB1921C783AC800770934 /* Result.xcodeproj */ = {isa = PBXFileReference; lastKnownFileType = "wrapper.pb-project"; name = Result.xcodeproj; path = Carthage/Checkouts/Result/Result.xcodeproj; sourceTree = "<group>"; };
		3F5EB1BA1C783B9400770934 /* Quick.xcodeproj */ = {isa = PBXFileReference; lastKnownFileType = "wrapper.pb-project"; name = Quick.xcodeproj; path = ../Carthage/Checkouts/Quick/Quick.xcodeproj; sourceTree = "<group>"; };
		3F5EB1F61C783BB400770934 /* Nimble.xcodeproj */ = {isa = PBXFileReference; lastKnownFileType = "wrapper.pb-project"; name = Nimble.xcodeproj; path = Carthage/Checkouts/Nimble/Nimble.xcodeproj; sourceTree = SOURCE_ROOT; };
		3F8F9A131C785B020061FBCD /* DatabaseService.swift */ = {isa = PBXFileReference; fileEncoding = 4; lastKnownFileType = sourcecode.swift; path = DatabaseService.swift; sourceTree = "<group>"; };
		3F8F9A151C785C820061FBCD /* DomainError.swift */ = {isa = PBXFileReference; fileEncoding = 4; lastKnownFileType = sourcecode.swift; path = DomainError.swift; sourceTree = "<group>"; };
		3F8F9A171C78641B0061FBCD /* NetworkService.swift */ = {isa = PBXFileReference; fileEncoding = 4; lastKnownFileType = sourcecode.swift; path = NetworkService.swift; sourceTree = "<group>"; };
/* End PBXFileReference section */

/* Begin PBXFrameworksBuildPhase section */
		3F3DBD4D1C75C792007B2A96 /* Frameworks */ = {
			isa = PBXFrameworksBuildPhase;
			buildActionMask = 2147483647;
			files = (
				3F050F531C783DD9009778C8 /* Curry.framework in Frameworks */,
				3F5EB1B61C783B4000770934 /* Result.framework in Frameworks */,
				3F5EB1AD1C783B2400770934 /* Argo.framework in Frameworks */,
				3F5EB1B21C783B3200770934 /* ReactiveCocoa.framework in Frameworks */,
			);
			runOnlyForDeploymentPostprocessing = 0;
		};
		3F3DBD611C75C792007B2A96 /* Frameworks */ = {
			isa = PBXFrameworksBuildPhase;
			buildActionMask = 2147483647;
			files = (
				3F5EB2101C783C3800770934 /* Nimble.framework in Frameworks */,
				3F5EB20F1C783C3200770934 /* Quick.framework in Frameworks */,
			);
			runOnlyForDeploymentPostprocessing = 0;
		};
		3F3DBD6C1C75C792007B2A96 /* Frameworks */ = {
			isa = PBXFrameworksBuildPhase;
			buildActionMask = 2147483647;
			files = (
			);
			runOnlyForDeploymentPostprocessing = 0;
		};
/* End PBXFrameworksBuildPhase section */

/* Begin PBXGroup section */
		3F050F241C783DCA009778C8 /* Products */ = {
			isa = PBXGroup;
			children = (
				3F050F311C783DCB009778C8 /* Curry.framework */,
				3F050F331C783DCB009778C8 /* Curry.framework */,
				3F050F351C783DCB009778C8 /* Curry.framework */,
				3F050F371C783DCB009778C8 /* Curry.framework */,
			);
			name = Products;
			sourceTree = "<group>";
		};
		3F3DBD471C75C791007B2A96 = {
			isa = PBXGroup;
			children = (
				3F5EB1491C783A7900770934 /* Frameworks */,
				3F3DBD521C75C792007B2A96 /* FunctionalCoreReactiveShell */,
				3F3DBD671C75C792007B2A96 /* FunctionalCoreReactiveShellTests */,
				3F3DBD721C75C792007B2A96 /* FunctionalCoreReactiveShellUITests */,
				3F3DBD511C75C792007B2A96 /* Products */,
			);
			indentWidth = 2;
			sourceTree = "<group>";
			tabWidth = 2;
			usesTabs = 0;
		};
		3F3DBD511C75C792007B2A96 /* Products */ = {
			isa = PBXGroup;
			children = (
				3F3DBD501C75C792007B2A96 /* FunctionalCoreReactiveShell.app */,
				3F3DBD641C75C792007B2A96 /* FunctionalCoreReactiveShellTests.xctest */,
				3F3DBD6F1C75C792007B2A96 /* FunctionalCoreReactiveShellUITests.xctest */,
			);
			name = Products;
			sourceTree = "<group>";
		};
		3F3DBD521C75C792007B2A96 /* FunctionalCoreReactiveShell */ = {
			isa = PBXGroup;
			children = (
				3F3DBD531C75C792007B2A96 /* AppDelegate.swift */,
				3F3DBD551C75C792007B2A96 /* ViewController.swift */,
				3F3DBD571C75C792007B2A96 /* Main.storyboard */,
				3F3DBD5A1C75C792007B2A96 /* Assets.xcassets */,
				3F3DBD5C1C75C792007B2A96 /* LaunchScreen.storyboard */,
				3F3DBD5F1C75C792007B2A96 /* Info.plist */,
				3F5EB1471C7836AF00770934 /* Stuff.swift */,
				3F8F9A131C785B020061FBCD /* DatabaseService.swift */,
				3F8F9A151C785C820061FBCD /* DomainError.swift */,
				3F8F9A171C78641B0061FBCD /* NetworkService.swift */,
			);
			path = FunctionalCoreReactiveShell;
			sourceTree = "<group>";
		};
		3F3DBD671C75C792007B2A96 /* FunctionalCoreReactiveShellTests */ = {
			isa = PBXGroup;
			children = (
				3F5EB1D81C783B9F00770934 /* Frameworks */,
				3F3DBD6A1C75C792007B2A96 /* Info.plist */,
				3F050F571C7848CE009778C8 /* StuffJSONSerializationSpec.swift */,
			);
			path = FunctionalCoreReactiveShellTests;
			sourceTree = "<group>";
		};
		3F3DBD721C75C792007B2A96 /* FunctionalCoreReactiveShellUITests */ = {
			isa = PBXGroup;
			children = (
				3F3DBD731C75C792007B2A96 /* FunctionalCoreReactiveShellUITests.swift */,
				3F3DBD751C75C792007B2A96 /* Info.plist */,
			);
			path = FunctionalCoreReactiveShellUITests;
			sourceTree = "<group>";
		};
		3F5EB1491C783A7900770934 /* Frameworks */ = {
			isa = PBXGroup;
			children = (
				3F050F231C783DCA009778C8 /* Curry.xcodeproj */,
				3F5EB1921C783AC800770934 /* Result.xcodeproj */,
				3F5EB1621C783AA400770934 /* ReactiveCocoa.xcodeproj */,
				3F5EB14A1C783A9100770934 /* Argo.xcodeproj */,
			);
			name = Frameworks;
			sourceTree = "<group>";
		};
		3F5EB14B1C783A9100770934 /* Products */ = {
			isa = PBXGroup;
			children = (
				3F5EB1551C783A9100770934 /* Argo.framework */,
				3F5EB1571C783A9100770934 /* ArgoTests.xctest */,
				3F5EB1591C783A9100770934 /* Argo.framework */,
				3F5EB15B1C783A9100770934 /* Argo-MacTests.xctest */,
				3F5EB15D1C783A9100770934 /* Argo.framework */,
				3F5EB15F1C783A9100770934 /* Argo.framework */,
				3F5EB1611C783A9100770934 /* Argo-tvOSTests.xctest */,
			);
			name = Products;
			sourceTree = "<group>";
		};
		3F5EB1631C783AA400770934 /* Products */ = {
			isa = PBXGroup;
			children = (
				3F5EB16C1C783AA400770934 /* ReactiveCocoa.framework */,
				3F5EB16E1C783AA400770934 /* ReactiveCocoaTests.xctest */,
				3F5EB1701C783AA400770934 /* ReactiveCocoa.framework */,
				3F5EB1721C783AA400770934 /* ReactiveCocoaTests.xctest */,
				3F5EB1741C783AA400770934 /* ReactiveCocoa.framework */,
				3F5EB1761C783AA400770934 /* ReactiveCocoa.framework */,
			);
			name = Products;
			sourceTree = "<group>";
		};
		3F5EB1931C783AC800770934 /* Products */ = {
			isa = PBXGroup;
			children = (
				3F5EB19E1C783AC800770934 /* Result.framework */,
				3F5EB1A01C783AC800770934 /* Result-MacTests.xctest */,
				3F5EB1A21C783AC800770934 /* Result.framework */,
				3F5EB1A41C783AC800770934 /* Result-iOSTests.xctest */,
				3F5EB1A61C783AC800770934 /* Result.framework */,
				3F5EB1A81C783AC800770934 /* Result-tvOSTests.xctest */,
				3F5EB1AA1C783AC800770934 /* Result.framework */,
				3F5EB1AC1C783AC800770934 /* Result-watchOSTests.xctest */,
			);
			name = Products;
			sourceTree = "<group>";
		};
		3F5EB1D81C783B9F00770934 /* Frameworks */ = {
			isa = PBXGroup;
			children = (
				3F5EB1F61C783BB400770934 /* Nimble.xcodeproj */,
				3F5EB1BA1C783B9400770934 /* Quick.xcodeproj */,
			);
			name = Frameworks;
			sourceTree = "<group>";
		};
		3F5EB1D91C783BA600770934 /* Products */ = {
			isa = PBXGroup;
			children = (
				3F5EB1E51C783BA600770934 /* Quick.framework */,
				3F5EB1E71C783BA600770934 /* Quick-OSXTests.xctest */,
				3F5EB1E91C783BA600770934 /* QuickFocused-OSXTests.xctest */,
				3F5EB1EB1C783BA600770934 /* Quick.framework */,
				3F5EB1ED1C783BA600770934 /* Quick-iOSTests.xctest */,
				3F5EB1EF1C783BA600770934 /* QuickFocused-iOSTests.xctest */,
				3F5EB1F11C783BA600770934 /* Quick.framework */,
				3F5EB1F31C783BA600770934 /* Quick-tvOSTests.xctest */,
				3F5EB1F51C783BA600770934 /* QuickFocused-tvOSTests.xctest */,
			);
			name = Products;
			sourceTree = "<group>";
		};
		3F5EB1F71C783BB400770934 /* Products */ = {
			isa = PBXGroup;
			children = (
				3F5EB2001C783BB400770934 /* Nimble.framework */,
				3F5EB2021C783BB400770934 /* NimbleTests.xctest */,
				3F5EB2041C783BB400770934 /* Nimble.framework */,
				3F5EB2061C783BB400770934 /* NimbleTests.xctest */,
				3F5EB2081C783BB400770934 /* Nimble.framework */,
				3F5EB20A1C783BB400770934 /* NimbleTests.xctest */,
			);
			name = Products;
			sourceTree = "<group>";
		};
/* End PBXGroup section */

/* Begin PBXNativeTarget section */
		3F3DBD4F1C75C792007B2A96 /* FunctionalCoreReactiveShell */ = {
			isa = PBXNativeTarget;
			buildConfigurationList = 3F3DBD781C75C792007B2A96 /* Build configuration list for PBXNativeTarget "FunctionalCoreReactiveShell" */;
			buildPhases = (
				3F3DBD4C1C75C792007B2A96 /* Sources */,
				3F3DBD4D1C75C792007B2A96 /* Frameworks */,
				3F3DBD4E1C75C792007B2A96 /* Resources */,
				99BE599E20974EB9A673B40F /* Warn for TODO and FIXME comments */,
				94A6B172FCC3E9F0E0A086CA /* Set version number */,
				3F5EB1B11C783B2500770934 /* Embed Frameworks */,
			);
			buildRules = (
			);
			dependencies = (
				3F5EB1B01C783B2400770934 /* PBXTargetDependency */,
				3F5EB1B51C783B3200770934 /* PBXTargetDependency */,
				3F5EB1B91C783B4000770934 /* PBXTargetDependency */,
				3F050F561C783DD9009778C8 /* PBXTargetDependency */,
			);
			name = FunctionalCoreReactiveShell;
			productName = FunctionalCoreReactiveShell;
			productReference = 3F3DBD501C75C792007B2A96 /* FunctionalCoreReactiveShell.app */;
			productType = "com.apple.product-type.application";
		};
		3F3DBD631C75C792007B2A96 /* FunctionalCoreReactiveShellTests */ = {
			isa = PBXNativeTarget;
			buildConfigurationList = 3F3DBD7B1C75C792007B2A96 /* Build configuration list for PBXNativeTarget "FunctionalCoreReactiveShellTests" */;
			buildPhases = (
				3F3DBD601C75C792007B2A96 /* Sources */,
				3F3DBD611C75C792007B2A96 /* Frameworks */,
				3F3DBD621C75C792007B2A96 /* Resources */,
			);
			buildRules = (
			);
			dependencies = (
				3F3DBD661C75C792007B2A96 /* PBXTargetDependency */,
			);
			name = FunctionalCoreReactiveShellTests;
			productName = FunctionalCoreReactiveShellTests;
			productReference = 3F3DBD641C75C792007B2A96 /* FunctionalCoreReactiveShellTests.xctest */;
			productType = "com.apple.product-type.bundle.unit-test";
		};
		3F3DBD6E1C75C792007B2A96 /* FunctionalCoreReactiveShellUITests */ = {
			isa = PBXNativeTarget;
			buildConfigurationList = 3F3DBD7E1C75C792007B2A96 /* Build configuration list for PBXNativeTarget "FunctionalCoreReactiveShellUITests" */;
			buildPhases = (
				3F3DBD6B1C75C792007B2A96 /* Sources */,
				3F3DBD6C1C75C792007B2A96 /* Frameworks */,
				3F3DBD6D1C75C792007B2A96 /* Resources */,
			);
			buildRules = (
			);
			dependencies = (
				3F3DBD711C75C792007B2A96 /* PBXTargetDependency */,
			);
			name = FunctionalCoreReactiveShellUITests;
			productName = FunctionalCoreReactiveShellUITests;
			productReference = 3F3DBD6F1C75C792007B2A96 /* FunctionalCoreReactiveShellUITests.xctest */;
			productType = "com.apple.product-type.bundle.ui-testing";
		};
/* End PBXNativeTarget section */

/* Begin PBXProject section */
		3F3DBD481C75C791007B2A96 /* Project object */ = {
			isa = PBXProject;
			attributes = {
				LastSwiftUpdateCheck = 0730;
				LastUpgradeCheck = 0730;
				ORGANIZATIONNAME = mokagio;
				TargetAttributes = {
					3F3DBD4F1C75C792007B2A96 = {
						CreatedOnToolsVersion = 7.3;
					};
					3F3DBD631C75C792007B2A96 = {
						CreatedOnToolsVersion = 7.3;
						TestTargetID = 3F3DBD4F1C75C792007B2A96;
					};
					3F3DBD6E1C75C792007B2A96 = {
						CreatedOnToolsVersion = 7.3;
						TestTargetID = 3F3DBD4F1C75C792007B2A96;
					};
				};
			};
			buildConfigurationList = 3F3DBD4B1C75C791007B2A96 /* Build configuration list for PBXProject "FunctionalCoreReactiveShell" */;
			compatibilityVersion = "Xcode 3.2";
			developmentRegion = English;
			hasScannedForEncodings = 0;
			knownRegions = (
				en,
				Base,
			);
			mainGroup = 3F3DBD471C75C791007B2A96;
			productRefGroup = 3F3DBD511C75C792007B2A96 /* Products */;
			projectDirPath = "";
			projectReferences = (
				{
					ProductGroup = 3F5EB14B1C783A9100770934 /* Products */;
					ProjectRef = 3F5EB14A1C783A9100770934 /* Argo.xcodeproj */;
				},
				{
					ProductGroup = 3F050F241C783DCA009778C8 /* Products */;
					ProjectRef = 3F050F231C783DCA009778C8 /* Curry.xcodeproj */;
				},
				{
					ProductGroup = 3F5EB1F71C783BB400770934 /* Products */;
					ProjectRef = 3F5EB1F61C783BB400770934 /* Nimble.xcodeproj */;
				},
				{
					ProductGroup = 3F5EB1D91C783BA600770934 /* Products */;
					ProjectRef = 3F5EB1BA1C783B9400770934 /* Quick.xcodeproj */;
				},
				{
					ProductGroup = 3F5EB1631C783AA400770934 /* Products */;
					ProjectRef = 3F5EB1621C783AA400770934 /* ReactiveCocoa.xcodeproj */;
				},
				{
					ProductGroup = 3F5EB1931C783AC800770934 /* Products */;
					ProjectRef = 3F5EB1921C783AC800770934 /* Result.xcodeproj */;
				},
			);
			projectRoot = "";
			targets = (
				3F3DBD4F1C75C792007B2A96 /* FunctionalCoreReactiveShell */,
				3F3DBD631C75C792007B2A96 /* FunctionalCoreReactiveShellTests */,
				3F3DBD6E1C75C792007B2A96 /* FunctionalCoreReactiveShellUITests */,
			);
		};
/* End PBXProject section */

/* Begin PBXReferenceProxy section */
		3F050F311C783DCB009778C8 /* Curry.framework */ = {
			isa = PBXReferenceProxy;
			fileType = wrapper.framework;
			path = Curry.framework;
			remoteRef = 3F050F301C783DCB009778C8 /* PBXContainerItemProxy */;
			sourceTree = BUILT_PRODUCTS_DIR;
		};
		3F050F331C783DCB009778C8 /* Curry.framework */ = {
			isa = PBXReferenceProxy;
			fileType = wrapper.framework;
			path = Curry.framework;
			remoteRef = 3F050F321C783DCB009778C8 /* PBXContainerItemProxy */;
			sourceTree = BUILT_PRODUCTS_DIR;
		};
		3F050F351C783DCB009778C8 /* Curry.framework */ = {
			isa = PBXReferenceProxy;
			fileType = wrapper.framework;
			path = Curry.framework;
			remoteRef = 3F050F341C783DCB009778C8 /* PBXContainerItemProxy */;
			sourceTree = BUILT_PRODUCTS_DIR;
		};
		3F050F371C783DCB009778C8 /* Curry.framework */ = {
			isa = PBXReferenceProxy;
			fileType = wrapper.framework;
			path = Curry.framework;
			remoteRef = 3F050F361C783DCB009778C8 /* PBXContainerItemProxy */;
			sourceTree = BUILT_PRODUCTS_DIR;
		};
		3F5EB1551C783A9100770934 /* Argo.framework */ = {
			isa = PBXReferenceProxy;
			fileType = wrapper.framework;
			path = Argo.framework;
			remoteRef = 3F5EB1541C783A9100770934 /* PBXContainerItemProxy */;
			sourceTree = BUILT_PRODUCTS_DIR;
		};
		3F5EB1571C783A9100770934 /* ArgoTests.xctest */ = {
			isa = PBXReferenceProxy;
			fileType = wrapper.cfbundle;
			path = ArgoTests.xctest;
			remoteRef = 3F5EB1561C783A9100770934 /* PBXContainerItemProxy */;
			sourceTree = BUILT_PRODUCTS_DIR;
		};
		3F5EB1591C783A9100770934 /* Argo.framework */ = {
			isa = PBXReferenceProxy;
			fileType = wrapper.framework;
			path = Argo.framework;
			remoteRef = 3F5EB1581C783A9100770934 /* PBXContainerItemProxy */;
			sourceTree = BUILT_PRODUCTS_DIR;
		};
		3F5EB15B1C783A9100770934 /* Argo-MacTests.xctest */ = {
			isa = PBXReferenceProxy;
			fileType = wrapper.cfbundle;
			path = "Argo-MacTests.xctest";
			remoteRef = 3F5EB15A1C783A9100770934 /* PBXContainerItemProxy */;
			sourceTree = BUILT_PRODUCTS_DIR;
		};
		3F5EB15D1C783A9100770934 /* Argo.framework */ = {
			isa = PBXReferenceProxy;
			fileType = wrapper.framework;
			path = Argo.framework;
			remoteRef = 3F5EB15C1C783A9100770934 /* PBXContainerItemProxy */;
			sourceTree = BUILT_PRODUCTS_DIR;
		};
		3F5EB15F1C783A9100770934 /* Argo.framework */ = {
			isa = PBXReferenceProxy;
			fileType = wrapper.framework;
			path = Argo.framework;
			remoteRef = 3F5EB15E1C783A9100770934 /* PBXContainerItemProxy */;
			sourceTree = BUILT_PRODUCTS_DIR;
		};
		3F5EB1611C783A9100770934 /* Argo-tvOSTests.xctest */ = {
			isa = PBXReferenceProxy;
			fileType = wrapper.cfbundle;
			path = "Argo-tvOSTests.xctest";
			remoteRef = 3F5EB1601C783A9100770934 /* PBXContainerItemProxy */;
			sourceTree = BUILT_PRODUCTS_DIR;
		};
		3F5EB16C1C783AA400770934 /* ReactiveCocoa.framework */ = {
			isa = PBXReferenceProxy;
			fileType = wrapper.framework;
			path = ReactiveCocoa.framework;
			remoteRef = 3F5EB16B1C783AA400770934 /* PBXContainerItemProxy */;
			sourceTree = BUILT_PRODUCTS_DIR;
		};
		3F5EB16E1C783AA400770934 /* ReactiveCocoaTests.xctest */ = {
			isa = PBXReferenceProxy;
			fileType = wrapper.cfbundle;
			path = ReactiveCocoaTests.xctest;
			remoteRef = 3F5EB16D1C783AA400770934 /* PBXContainerItemProxy */;
			sourceTree = BUILT_PRODUCTS_DIR;
		};
		3F5EB1701C783AA400770934 /* ReactiveCocoa.framework */ = {
			isa = PBXReferenceProxy;
			fileType = wrapper.framework;
			path = ReactiveCocoa.framework;
			remoteRef = 3F5EB16F1C783AA400770934 /* PBXContainerItemProxy */;
			sourceTree = BUILT_PRODUCTS_DIR;
		};
		3F5EB1721C783AA400770934 /* ReactiveCocoaTests.xctest */ = {
			isa = PBXReferenceProxy;
			fileType = wrapper.cfbundle;
			path = ReactiveCocoaTests.xctest;
			remoteRef = 3F5EB1711C783AA400770934 /* PBXContainerItemProxy */;
			sourceTree = BUILT_PRODUCTS_DIR;
		};
		3F5EB1741C783AA400770934 /* ReactiveCocoa.framework */ = {
			isa = PBXReferenceProxy;
			fileType = wrapper.framework;
			path = ReactiveCocoa.framework;
			remoteRef = 3F5EB1731C783AA400770934 /* PBXContainerItemProxy */;
			sourceTree = BUILT_PRODUCTS_DIR;
		};
		3F5EB1761C783AA400770934 /* ReactiveCocoa.framework */ = {
			isa = PBXReferenceProxy;
			fileType = wrapper.framework;
			path = ReactiveCocoa.framework;
			remoteRef = 3F5EB1751C783AA400770934 /* PBXContainerItemProxy */;
			sourceTree = BUILT_PRODUCTS_DIR;
		};
		3F5EB19E1C783AC800770934 /* Result.framework */ = {
			isa = PBXReferenceProxy;
			fileType = wrapper.framework;
			path = Result.framework;
			remoteRef = 3F5EB19D1C783AC800770934 /* PBXContainerItemProxy */;
			sourceTree = BUILT_PRODUCTS_DIR;
		};
		3F5EB1A01C783AC800770934 /* Result-MacTests.xctest */ = {
			isa = PBXReferenceProxy;
			fileType = wrapper.cfbundle;
			path = "Result-MacTests.xctest";
			remoteRef = 3F5EB19F1C783AC800770934 /* PBXContainerItemProxy */;
			sourceTree = BUILT_PRODUCTS_DIR;
		};
		3F5EB1A21C783AC800770934 /* Result.framework */ = {
			isa = PBXReferenceProxy;
			fileType = wrapper.framework;
			path = Result.framework;
			remoteRef = 3F5EB1A11C783AC800770934 /* PBXContainerItemProxy */;
			sourceTree = BUILT_PRODUCTS_DIR;
		};
		3F5EB1A41C783AC800770934 /* Result-iOSTests.xctest */ = {
			isa = PBXReferenceProxy;
			fileType = wrapper.cfbundle;
			path = "Result-iOSTests.xctest";
			remoteRef = 3F5EB1A31C783AC800770934 /* PBXContainerItemProxy */;
			sourceTree = BUILT_PRODUCTS_DIR;
		};
		3F5EB1A61C783AC800770934 /* Result.framework */ = {
			isa = PBXReferenceProxy;
			fileType = wrapper.framework;
			path = Result.framework;
			remoteRef = 3F5EB1A51C783AC800770934 /* PBXContainerItemProxy */;
			sourceTree = BUILT_PRODUCTS_DIR;
		};
		3F5EB1A81C783AC800770934 /* Result-tvOSTests.xctest */ = {
			isa = PBXReferenceProxy;
			fileType = wrapper.cfbundle;
			path = "Result-tvOSTests.xctest";
			remoteRef = 3F5EB1A71C783AC800770934 /* PBXContainerItemProxy */;
			sourceTree = BUILT_PRODUCTS_DIR;
		};
		3F5EB1AA1C783AC800770934 /* Result.framework */ = {
			isa = PBXReferenceProxy;
			fileType = wrapper.framework;
			path = Result.framework;
			remoteRef = 3F5EB1A91C783AC800770934 /* PBXContainerItemProxy */;
			sourceTree = BUILT_PRODUCTS_DIR;
		};
		3F5EB1AC1C783AC800770934 /* Result-watchOSTests.xctest */ = {
			isa = PBXReferenceProxy;
			fileType = wrapper.cfbundle;
			path = "Result-watchOSTests.xctest";
			remoteRef = 3F5EB1AB1C783AC800770934 /* PBXContainerItemProxy */;
			sourceTree = BUILT_PRODUCTS_DIR;
		};
		3F5EB1E51C783BA600770934 /* Quick.framework */ = {
			isa = PBXReferenceProxy;
			fileType = wrapper.framework;
			path = Quick.framework;
			remoteRef = 3F5EB1E41C783BA600770934 /* PBXContainerItemProxy */;
			sourceTree = BUILT_PRODUCTS_DIR;
		};
		3F5EB1E71C783BA600770934 /* Quick-OSXTests.xctest */ = {
			isa = PBXReferenceProxy;
			fileType = wrapper.cfbundle;
			path = "Quick-OSXTests.xctest";
			remoteRef = 3F5EB1E61C783BA600770934 /* PBXContainerItemProxy */;
			sourceTree = BUILT_PRODUCTS_DIR;
		};
		3F5EB1E91C783BA600770934 /* QuickFocused-OSXTests.xctest */ = {
			isa = PBXReferenceProxy;
			fileType = wrapper.cfbundle;
			path = "QuickFocused-OSXTests.xctest";
			remoteRef = 3F5EB1E81C783BA600770934 /* PBXContainerItemProxy */;
			sourceTree = BUILT_PRODUCTS_DIR;
		};
		3F5EB1EB1C783BA600770934 /* Quick.framework */ = {
			isa = PBXReferenceProxy;
			fileType = wrapper.framework;
			path = Quick.framework;
			remoteRef = 3F5EB1EA1C783BA600770934 /* PBXContainerItemProxy */;
			sourceTree = BUILT_PRODUCTS_DIR;
		};
		3F5EB1ED1C783BA600770934 /* Quick-iOSTests.xctest */ = {
			isa = PBXReferenceProxy;
			fileType = wrapper.cfbundle;
			path = "Quick-iOSTests.xctest";
			remoteRef = 3F5EB1EC1C783BA600770934 /* PBXContainerItemProxy */;
			sourceTree = BUILT_PRODUCTS_DIR;
		};
		3F5EB1EF1C783BA600770934 /* QuickFocused-iOSTests.xctest */ = {
			isa = PBXReferenceProxy;
			fileType = wrapper.cfbundle;
			path = "QuickFocused-iOSTests.xctest";
			remoteRef = 3F5EB1EE1C783BA600770934 /* PBXContainerItemProxy */;
			sourceTree = BUILT_PRODUCTS_DIR;
		};
		3F5EB1F11C783BA600770934 /* Quick.framework */ = {
			isa = PBXReferenceProxy;
			fileType = wrapper.framework;
			path = Quick.framework;
			remoteRef = 3F5EB1F01C783BA600770934 /* PBXContainerItemProxy */;
			sourceTree = BUILT_PRODUCTS_DIR;
		};
		3F5EB1F31C783BA600770934 /* Quick-tvOSTests.xctest */ = {
			isa = PBXReferenceProxy;
			fileType = wrapper.cfbundle;
			path = "Quick-tvOSTests.xctest";
			remoteRef = 3F5EB1F21C783BA600770934 /* PBXContainerItemProxy */;
			sourceTree = BUILT_PRODUCTS_DIR;
		};
		3F5EB1F51C783BA600770934 /* QuickFocused-tvOSTests.xctest */ = {
			isa = PBXReferenceProxy;
			fileType = wrapper.cfbundle;
			path = "QuickFocused-tvOSTests.xctest";
			remoteRef = 3F5EB1F41C783BA600770934 /* PBXContainerItemProxy */;
			sourceTree = BUILT_PRODUCTS_DIR;
		};
		3F5EB2001C783BB400770934 /* Nimble.framework */ = {
			isa = PBXReferenceProxy;
			fileType = wrapper.framework;
			path = Nimble.framework;
			remoteRef = 3F5EB1FF1C783BB400770934 /* PBXContainerItemProxy */;
			sourceTree = BUILT_PRODUCTS_DIR;
		};
		3F5EB2021C783BB400770934 /* NimbleTests.xctest */ = {
			isa = PBXReferenceProxy;
			fileType = wrapper.cfbundle;
			path = NimbleTests.xctest;
			remoteRef = 3F5EB2011C783BB400770934 /* PBXContainerItemProxy */;
			sourceTree = BUILT_PRODUCTS_DIR;
		};
		3F5EB2041C783BB400770934 /* Nimble.framework */ = {
			isa = PBXReferenceProxy;
			fileType = wrapper.framework;
			path = Nimble.framework;
			remoteRef = 3F5EB2031C783BB400770934 /* PBXContainerItemProxy */;
			sourceTree = BUILT_PRODUCTS_DIR;
		};
		3F5EB2061C783BB400770934 /* NimbleTests.xctest */ = {
			isa = PBXReferenceProxy;
			fileType = wrapper.cfbundle;
			path = NimbleTests.xctest;
			remoteRef = 3F5EB2051C783BB400770934 /* PBXContainerItemProxy */;
			sourceTree = BUILT_PRODUCTS_DIR;
		};
		3F5EB2081C783BB400770934 /* Nimble.framework */ = {
			isa = PBXReferenceProxy;
			fileType = wrapper.framework;
			path = Nimble.framework;
			remoteRef = 3F5EB2071C783BB400770934 /* PBXContainerItemProxy */;
			sourceTree = BUILT_PRODUCTS_DIR;
		};
		3F5EB20A1C783BB400770934 /* NimbleTests.xctest */ = {
			isa = PBXReferenceProxy;
			fileType = wrapper.cfbundle;
			path = NimbleTests.xctest;
			remoteRef = 3F5EB2091C783BB400770934 /* PBXContainerItemProxy */;
			sourceTree = BUILT_PRODUCTS_DIR;
		};
/* End PBXReferenceProxy section */

/* Begin PBXResourcesBuildPhase section */
		3F3DBD4E1C75C792007B2A96 /* Resources */ = {
			isa = PBXResourcesBuildPhase;
			buildActionMask = 2147483647;
			files = (
				3F3DBD5E1C75C792007B2A96 /* LaunchScreen.storyboard in Resources */,
				3F3DBD5B1C75C792007B2A96 /* Assets.xcassets in Resources */,
				3F3DBD591C75C792007B2A96 /* Main.storyboard in Resources */,
			);
			runOnlyForDeploymentPostprocessing = 0;
		};
		3F3DBD621C75C792007B2A96 /* Resources */ = {
			isa = PBXResourcesBuildPhase;
			buildActionMask = 2147483647;
			files = (
			);
			runOnlyForDeploymentPostprocessing = 0;
		};
		3F3DBD6D1C75C792007B2A96 /* Resources */ = {
			isa = PBXResourcesBuildPhase;
			buildActionMask = 2147483647;
			files = (
			);
			runOnlyForDeploymentPostprocessing = 0;
		};
/* End PBXResourcesBuildPhase section */

/* Begin PBXShellScriptBuildPhase section */
		94A6B172FCC3E9F0E0A086CA /* Set version number */ = {
			isa = PBXShellScriptBuildPhase;
			buildActionMask = 2147483647;
			files = (
			);
			inputPaths = (
			);
			name = "Set version number";
			outputPaths = (
			);
			runOnlyForDeploymentPostprocessing = 0;
			shellPath = /bin/sh;
			shellScript = "git=$(sh /etc/profile; which git)\ngit_release_version=$(\"$git\" describe --tags --always --abbrev=0)\nnumber_of_commits=$(\"$git\" rev-list master --count)\ntarget_plist=\"$TARGET_BUILD_DIR/$INFOPLIST_PATH\"\ndsym_plist=\"$DWARF_DSYM_FOLDER_PATH/$DWARF_DSYM_FILE_NAME/Contents/Info.plist\"\n\nfor plist in \"$target_plist\" \"$dsym_plist\"; do\n  if [ -f \"$plist\" ]; then\n    /usr/libexec/PlistBuddy -c \"Set :CFBundleVersion $number_of_commits\" \"$plist\"\n    /usr/libexec/PlistBuddy -c \"Set :CFBundleShortVersionString ${git_release_version#*v}\" \"$plist\"\n  fi\ndone\n";
		};
		99BE599E20974EB9A673B40F /* Warn for TODO and FIXME comments */ = {
			isa = PBXShellScriptBuildPhase;
			buildActionMask = 2147483647;
			files = (
			);
			inputPaths = (
			);
			name = "Warn for TODO and FIXME comments";
			outputPaths = (
			);
			runOnlyForDeploymentPostprocessing = 0;
			shellPath = /bin/sh;
			shellScript = "KEYWORDS=\"TODO:|FIXME:|\\?\\?\\?:|\\!\\!\\!:\"\nFILE_EXTENSIONS=\"swift|h|m|mm|c|cpp\"\nfind -E \"${SRCROOT}\" -ipath \"${SRCROOT}/Carthage\" -o -ipath \"${SRCROOT}/pods\" -prune -o \\( -regex \".*\\.($FILE_EXTENSIONS)$\" \\) -print0 | xargs -0 egrep --with-filename --line-number --only-matching \"($KEYWORDS).*\\$\" | perl -p -e \"s/($KEYWORDS)/ warning: \\$1/\"\n";
		};
/* End PBXShellScriptBuildPhase section */

/* Begin PBXSourcesBuildPhase section */
		3F3DBD4C1C75C792007B2A96 /* Sources */ = {
			isa = PBXSourcesBuildPhase;
			buildActionMask = 2147483647;
			files = (
				3F8F9A161C785C820061FBCD /* DomainError.swift in Sources */,
				3F5EB1481C7836AF00770934 /* Stuff.swift in Sources */,
				3F3DBD561C75C792007B2A96 /* ViewController.swift in Sources */,
				3F8F9A141C785B020061FBCD /* DatabaseService.swift in Sources */,
				3F8F9A181C78641B0061FBCD /* NetworkService.swift in Sources */,
				3F3DBD541C75C792007B2A96 /* AppDelegate.swift in Sources */,
			);
			runOnlyForDeploymentPostprocessing = 0;
		};
		3F3DBD601C75C792007B2A96 /* Sources */ = {
			isa = PBXSourcesBuildPhase;
			buildActionMask = 2147483647;
			files = (
				3F050F581C7848CE009778C8 /* StuffJSONSerializationSpec.swift in Sources */,
			);
			runOnlyForDeploymentPostprocessing = 0;
		};
		3F3DBD6B1C75C792007B2A96 /* Sources */ = {
			isa = PBXSourcesBuildPhase;
			buildActionMask = 2147483647;
			files = (
				3F3DBD741C75C792007B2A96 /* FunctionalCoreReactiveShellUITests.swift in Sources */,
			);
			runOnlyForDeploymentPostprocessing = 0;
		};
/* End PBXSourcesBuildPhase section */

/* Begin PBXTargetDependency section */
		3F050F561C783DD9009778C8 /* PBXTargetDependency */ = {
			isa = PBXTargetDependency;
			name = "Curry-iOS";
			targetProxy = 3F050F551C783DD9009778C8 /* PBXContainerItemProxy */;
		};
		3F3DBD661C75C792007B2A96 /* PBXTargetDependency */ = {
			isa = PBXTargetDependency;
			target = 3F3DBD4F1C75C792007B2A96 /* FunctionalCoreReactiveShell */;
			targetProxy = 3F3DBD651C75C792007B2A96 /* PBXContainerItemProxy */;
		};
		3F3DBD711C75C792007B2A96 /* PBXTargetDependency */ = {
			isa = PBXTargetDependency;
			target = 3F3DBD4F1C75C792007B2A96 /* FunctionalCoreReactiveShell */;
			targetProxy = 3F3DBD701C75C792007B2A96 /* PBXContainerItemProxy */;
		};
		3F5EB1B01C783B2400770934 /* PBXTargetDependency */ = {
			isa = PBXTargetDependency;
			name = "Argo-iOS";
			targetProxy = 3F5EB1AF1C783B2400770934 /* PBXContainerItemProxy */;
		};
		3F5EB1B51C783B3200770934 /* PBXTargetDependency */ = {
			isa = PBXTargetDependency;
			name = "ReactiveCocoa-iOS";
			targetProxy = 3F5EB1B41C783B3200770934 /* PBXContainerItemProxy */;
		};
		3F5EB1B91C783B4000770934 /* PBXTargetDependency */ = {
			isa = PBXTargetDependency;
			name = "Result-iOS";
			targetProxy = 3F5EB1B81C783B4000770934 /* PBXContainerItemProxy */;
		};
/* End PBXTargetDependency section */

/* Begin PBXVariantGroup section */
		3F3DBD571C75C792007B2A96 /* Main.storyboard */ = {
			isa = PBXVariantGroup;
			children = (
				3F3DBD581C75C792007B2A96 /* Base */,
			);
			name = Main.storyboard;
			sourceTree = "<group>";
		};
		3F3DBD5C1C75C792007B2A96 /* LaunchScreen.storyboard */ = {
			isa = PBXVariantGroup;
			children = (
				3F3DBD5D1C75C792007B2A96 /* Base */,
			);
			name = LaunchScreen.storyboard;
			sourceTree = "<group>";
		};
/* End PBXVariantGroup section */

/* Begin XCBuildConfiguration section */
		3F3DBD761C75C792007B2A96 /* Debug */ = {
			isa = XCBuildConfiguration;
			buildSettings = {
				ALWAYS_SEARCH_USER_PATHS = NO;
				CLANG_ANALYZER_NONNULL = YES;
				CLANG_CXX_LANGUAGE_STANDARD = "gnu++0x";
				CLANG_CXX_LIBRARY = "libc++";
				CLANG_ENABLE_MODULES = YES;
				CLANG_ENABLE_OBJC_ARC = YES;
				CLANG_WARN_BOOL_CONVERSION = YES;
				CLANG_WARN_CONSTANT_CONVERSION = YES;
				CLANG_WARN_DEPRECATED_OBJC_IMPLEMENTATIONS = YES;
				CLANG_WARN_DIRECT_OBJC_ISA_USAGE = YES_ERROR;
				CLANG_WARN_EMPTY_BODY = YES;
				CLANG_WARN_ENUM_CONVERSION = YES;
				CLANG_WARN_IMPLICIT_SIGN_CONVERSION = YES;
				CLANG_WARN_INT_CONVERSION = YES;
				CLANG_WARN_OBJC_IMPLICIT_RETAIN_SELF = YES;
				CLANG_WARN_OBJC_ROOT_CLASS = YES_ERROR;
				CLANG_WARN_SUSPICIOUS_IMPLICIT_CONVERSION = YES;
				CLANG_WARN_UNREACHABLE_CODE = YES;
				CLANG_WARN__DUPLICATE_METHOD_MATCH = YES;
				"CODE_SIGN_IDENTITY[sdk=iphoneos*]" = "iPhone Developer";
				COPY_PHASE_STRIP = NO;
				DEBUG_INFORMATION_FORMAT = dwarf;
				ENABLE_STRICT_OBJC_MSGSEND = YES;
				ENABLE_TESTABILITY = YES;
				GCC_C_LANGUAGE_STANDARD = gnu99;
				GCC_DYNAMIC_NO_PIC = NO;
				GCC_NO_COMMON_BLOCKS = YES;
				GCC_OPTIMIZATION_LEVEL = 0;
				GCC_PREPROCESSOR_DEFINITIONS = (
					"DEBUG=1",
					"$(inherited)",
				);
				GCC_WARN_64_TO_32_BIT_CONVERSION = YES;
				GCC_WARN_ABOUT_DEPRECATED_FUNCTIONS = YES;
				GCC_WARN_ABOUT_MISSING_FIELD_INITIALIZERS = YES;
				GCC_WARN_ABOUT_MISSING_NEWLINE = YES;
				GCC_WARN_ABOUT_RETURN_TYPE = YES;
				GCC_WARN_CHECK_SWITCH_STATEMENTS = YES;
				GCC_WARN_INITIALIZER_NOT_FULLY_BRACKETED = YES;
				GCC_WARN_MISSING_PARENTHESES = YES;
				GCC_WARN_SHADOW = YES;
				GCC_WARN_SIGN_COMPARE = YES;
				GCC_WARN_TYPECHECK_CALLS_TO_PRINTF = YES;
				GCC_WARN_UNDECLARED_SELECTOR = YES;
				GCC_WARN_UNINITIALIZED_AUTOS = YES_AGGRESSIVE;
				GCC_WARN_UNUSED_FUNCTION = YES;
				GCC_WARN_UNUSED_LABEL = YES;
				GCC_WARN_UNUSED_VALUE = YES;
				GCC_WARN_UNUSED_VARIABLE = YES;
				IPHONEOS_DEPLOYMENT_TARGET = 9.3;
				MTL_ENABLE_DEBUG_INFO = YES;
				ONLY_ACTIVE_ARCH = YES;
				SDKROOT = iphoneos;
				SWIFT_OPTIMIZATION_LEVEL = "-Onone";
				TARGETED_DEVICE_FAMILY = "1,2";
			};
			name = Debug;
		};
		3F3DBD771C75C792007B2A96 /* Release */ = {
			isa = XCBuildConfiguration;
			buildSettings = {
				ALWAYS_SEARCH_USER_PATHS = NO;
				CLANG_ANALYZER_NONNULL = YES;
				CLANG_CXX_LANGUAGE_STANDARD = "gnu++0x";
				CLANG_CXX_LIBRARY = "libc++";
				CLANG_ENABLE_MODULES = YES;
				CLANG_ENABLE_OBJC_ARC = YES;
				CLANG_WARN_BOOL_CONVERSION = YES;
				CLANG_WARN_CONSTANT_CONVERSION = YES;
				CLANG_WARN_DEPRECATED_OBJC_IMPLEMENTATIONS = YES;
				CLANG_WARN_DIRECT_OBJC_ISA_USAGE = YES_ERROR;
				CLANG_WARN_EMPTY_BODY = YES;
				CLANG_WARN_ENUM_CONVERSION = YES;
				CLANG_WARN_IMPLICIT_SIGN_CONVERSION = YES;
				CLANG_WARN_INT_CONVERSION = YES;
				CLANG_WARN_OBJC_IMPLICIT_RETAIN_SELF = YES;
				CLANG_WARN_OBJC_ROOT_CLASS = YES_ERROR;
				CLANG_WARN_SUSPICIOUS_IMPLICIT_CONVERSION = YES;
				CLANG_WARN_UNREACHABLE_CODE = YES;
				CLANG_WARN__DUPLICATE_METHOD_MATCH = YES;
				"CODE_SIGN_IDENTITY[sdk=iphoneos*]" = "iPhone Developer";
				COPY_PHASE_STRIP = NO;
				DEBUG_INFORMATION_FORMAT = "dwarf-with-dsym";
				ENABLE_NS_ASSERTIONS = NO;
				ENABLE_STRICT_OBJC_MSGSEND = YES;
				GCC_C_LANGUAGE_STANDARD = gnu99;
				GCC_NO_COMMON_BLOCKS = YES;
				GCC_WARN_64_TO_32_BIT_CONVERSION = YES;
				GCC_WARN_ABOUT_DEPRECATED_FUNCTIONS = YES;
				GCC_WARN_ABOUT_MISSING_FIELD_INITIALIZERS = YES;
				GCC_WARN_ABOUT_MISSING_NEWLINE = YES;
				GCC_WARN_ABOUT_RETURN_TYPE = YES;
				GCC_WARN_CHECK_SWITCH_STATEMENTS = YES;
				GCC_WARN_INITIALIZER_NOT_FULLY_BRACKETED = YES;
				GCC_WARN_MISSING_PARENTHESES = YES;
				GCC_WARN_SHADOW = YES;
				GCC_WARN_SIGN_COMPARE = YES;
				GCC_WARN_TYPECHECK_CALLS_TO_PRINTF = YES;
				GCC_WARN_UNDECLARED_SELECTOR = YES;
				GCC_WARN_UNINITIALIZED_AUTOS = YES_AGGRESSIVE;
				GCC_WARN_UNUSED_FUNCTION = YES;
				GCC_WARN_UNUSED_LABEL = YES;
				GCC_WARN_UNUSED_VALUE = YES;
				GCC_WARN_UNUSED_VARIABLE = YES;
				IPHONEOS_DEPLOYMENT_TARGET = 9.3;
				MTL_ENABLE_DEBUG_INFO = NO;
				SDKROOT = iphoneos;
				TARGETED_DEVICE_FAMILY = "1,2";
				VALIDATE_PRODUCT = YES;
			};
			name = Release;
		};
		3F3DBD791C75C792007B2A96 /* Debug */ = {
			isa = XCBuildConfiguration;
			buildSettings = {
				ASSETCATALOG_COMPILER_APPICON_NAME = AppIcon;
				DEFINES_MODULE = YES;
				EMBEDDED_CONTENT_CONTAINS_SWIFT = YES;
				INFOPLIST_FILE = FunctionalCoreReactiveShell/Info.plist;
				IPHONEOS_DEPLOYMENT_TARGET = 9.0;
				LD_RUNPATH_SEARCH_PATHS = "$(inherited) @executable_path/Frameworks";
				PRODUCT_BUNDLE_IDENTIFIER = com.mokagio.FunctionalCoreReactiveShell;
				PRODUCT_NAME = "$(TARGET_NAME)";
			};
			name = Debug;
		};
		3F3DBD7A1C75C792007B2A96 /* Release */ = {
			isa = XCBuildConfiguration;
			buildSettings = {
				ASSETCATALOG_COMPILER_APPICON_NAME = AppIcon;
				DEFINES_MODULE = YES;
				EMBEDDED_CONTENT_CONTAINS_SWIFT = YES;
				GCC_TREAT_WARNINGS_AS_ERRORS = YES;
				INFOPLIST_FILE = FunctionalCoreReactiveShell/Info.plist;
				IPHONEOS_DEPLOYMENT_TARGET = 9.0;
				LD_RUNPATH_SEARCH_PATHS = "$(inherited) @executable_path/Frameworks";
				PRODUCT_BUNDLE_IDENTIFIER = com.mokagio.FunctionalCoreReactiveShell;
				PRODUCT_NAME = "$(TARGET_NAME)";
			};
			name = Release;
		};
		3F3DBD7C1C75C792007B2A96 /* Debug */ = {
			isa = XCBuildConfiguration;
			buildSettings = {
				BUNDLE_LOADER = "$(TEST_HOST)";
				CLANG_ENABLE_MODULES = YES;
				INFOPLIST_FILE = FunctionalCoreReactiveShellTests/Info.plist;
				LD_RUNPATH_SEARCH_PATHS = "$(inherited) @executable_path/Frameworks @loader_path/Frameworks";
				PRODUCT_BUNDLE_IDENTIFIER = com.mokagio.FunctionalCoreReactiveShellTests;
				PRODUCT_NAME = "$(TARGET_NAME)";
				SWIFT_OPTIMIZATION_LEVEL = "-Onone";
				TEST_HOST = "$(BUILT_PRODUCTS_DIR)/FunctionalCoreReactiveShell.app/FunctionalCoreReactiveShell";
			};
			name = Debug;
		};
		3F3DBD7D1C75C792007B2A96 /* Release */ = {
			isa = XCBuildConfiguration;
			buildSettings = {
				BUNDLE_LOADER = "$(TEST_HOST)";
				CLANG_ENABLE_MODULES = YES;
				INFOPLIST_FILE = FunctionalCoreReactiveShellTests/Info.plist;
				LD_RUNPATH_SEARCH_PATHS = "$(inherited) @executable_path/Frameworks @loader_path/Frameworks";
				PRODUCT_BUNDLE_IDENTIFIER = com.mokagio.FunctionalCoreReactiveShellTests;
				PRODUCT_NAME = "$(TARGET_NAME)";
				TEST_HOST = "$(BUILT_PRODUCTS_DIR)/FunctionalCoreReactiveShell.app/FunctionalCoreReactiveShell";
			};
			name = Release;
		};
		3F3DBD7F1C75C792007B2A96 /* Debug */ = {
			isa = XCBuildConfiguration;
			buildSettings = {
				INFOPLIST_FILE = FunctionalCoreReactiveShellUITests/Info.plist;
				LD_RUNPATH_SEARCH_PATHS = "$(inherited) @executable_path/Frameworks @loader_path/Frameworks";
				PRODUCT_BUNDLE_IDENTIFIER = com.mokagio.FunctionalCoreReactiveShellUITests;
				PRODUCT_NAME = "$(TARGET_NAME)";
				TEST_TARGET_NAME = FunctionalCoreReactiveShell;
			};
			name = Debug;
		};
		3F3DBD801C75C792007B2A96 /* Release */ = {
			isa = XCBuildConfiguration;
			buildSettings = {
				INFOPLIST_FILE = FunctionalCoreReactiveShellUITests/Info.plist;
				LD_RUNPATH_SEARCH_PATHS = "$(inherited) @executable_path/Frameworks @loader_path/Frameworks";
				PRODUCT_BUNDLE_IDENTIFIER = com.mokagio.FunctionalCoreReactiveShellUITests;
				PRODUCT_NAME = "$(TARGET_NAME)";
				TEST_TARGET_NAME = FunctionalCoreReactiveShell;
			};
			name = Release;
		};
/* End XCBuildConfiguration section */

/* Begin XCConfigurationList section */
		3F3DBD4B1C75C791007B2A96 /* Build configuration list for PBXProject "FunctionalCoreReactiveShell" */ = {
			isa = XCConfigurationList;
			buildConfigurations = (
				3F3DBD761C75C792007B2A96 /* Debug */,
				3F3DBD771C75C792007B2A96 /* Release */,
			);
			defaultConfigurationIsVisible = 0;
			defaultConfigurationName = Release;
		};
		3F3DBD781C75C792007B2A96 /* Build configuration list for PBXNativeTarget "FunctionalCoreReactiveShell" */ = {
			isa = XCConfigurationList;
			buildConfigurations = (
				3F3DBD791C75C792007B2A96 /* Debug */,
				3F3DBD7A1C75C792007B2A96 /* Release */,
			);
			defaultConfigurationIsVisible = 0;
			defaultConfigurationName = Release;
		};
		3F3DBD7B1C75C792007B2A96 /* Build configuration list for PBXNativeTarget "FunctionalCoreReactiveShellTests" */ = {
			isa = XCConfigurationList;
			buildConfigurations = (
				3F3DBD7C1C75C792007B2A96 /* Debug */,
				3F3DBD7D1C75C792007B2A96 /* Release */,
			);
			defaultConfigurationIsVisible = 0;
			defaultConfigurationName = Release;
		};
		3F3DBD7E1C75C792007B2A96 /* Build configuration list for PBXNativeTarget "FunctionalCoreReactiveShellUITests" */ = {
			isa = XCConfigurationList;
			buildConfigurations = (
				3F3DBD7F1C75C792007B2A96 /* Debug */,
				3F3DBD801C75C792007B2A96 /* Release */,
			);
			defaultConfigurationIsVisible = 0;
			defaultConfigurationName = Release;
		};
/* End XCConfigurationList section */
	};
	rootObject = 3F3DBD481C75C791007B2A96 /* Project object */;
}
